
Microsoft Visual Studio Solution File, Format Version 12.00
# Visual Studio Version 17
VisualStudioVersion = 17.11.35327.3
MinimumVisualStudioVersion = 10.0.40219.1
Project("{2150E333-8FDC-42A3-9474-1A3956D46DE8}") = "Task0", "Task0", "{062325F0-C3C4-43E3-82E3-33E82746C58B}"
EndProject
Project("{FAE04EC0-301F-11D3-BF4B-00C04F79EFBC}") = "Tyuiu.MorozovSM.Sprint5.Task0.V22", "Tyuiu.MorozovSM.Sprint5.Task0.V22\Tyuiu.MorozovSM.Sprint5.Task0.V22.csproj", "{48C47FCA-E3DE-4E7E-A4B3-84FE2FAD99D6}"
EndProject
Project("{FAE04EC0-301F-11D3-BF4B-00C04F79EFBC}") = "Tyuiu.MorozovSM.Sprint5.Task0.V22.Test", "Tyuiu.MorozovSM.Sprint5.Task0.V22.Test\Tyuiu.MorozovSM.Sprint5.Task0.V22.Test.csproj", "{C1C127B0-AB64-46A2-BA2C-D5E2568CE616}"
EndProject
Project("{FAE04EC0-301F-11D3-BF4B-00C04F79EFBC}") = "Tyuiu.MorozovSM.Sprint5.Task0.V22.Lib", "Tyuiu.MorozovSM.Sprint5.Task0.V22.Lib\Tyuiu.MorozovSM.Sprint5.Task0.V22.Lib.csproj", "{61E7DAC1-E557-4B4F-A851-18BFDF00418C}"
EndProject
Global
	GlobalSection(SolutionConfigurationPlatforms) = preSolution
		Debug|Any CPU = Debug|Any CPU
		Release|Any CPU = Release|Any CPU
	EndGlobalSection
	GlobalSection(ProjectConfigurationPlatforms) = postSolution
		{48C47FCA-E3DE-4E7E-A4B3-84FE2FAD99D6}.Debug|Any CPU.ActiveCfg = Debug|Any CPU
		{48C47FCA-E3DE-4E7E-A4B3-84FE2FAD99D6}.Debug|Any CPU.Build.0 = Debug|Any CPU
		{48C47FCA-E3DE-4E7E-A4B3-84FE2FAD99D6}.Release|Any CPU.ActiveCfg = Release|Any CPU
		{48C47FCA-E3DE-4E7E-A4B3-84FE2FAD99D6}.Release|Any CPU.Build.0 = Release|Any CPU
		{C1C127B0-AB64-46A2-BA2C-D5E2568CE616}.Debug|Any CPU.ActiveCfg = Debug|Any CPU
		{C1C127B0-AB64-46A2-BA2C-D5E2568CE616}.Debug|Any CPU.Build.0 = Debug|Any CPU
		{C1C127B0-AB64-46A2-BA2C-D5E2568CE616}.Release|Any CPU.ActiveCfg = Release|Any CPU
		{C1C127B0-AB64-46A2-BA2C-D5E2568CE616}.Release|Any CPU.Build.0 = Release|Any CPU
		{61E7DAC1-E557-4B4F-A851-18BFDF00418C}.Debug|Any CPU.ActiveCfg = Debug|Any CPU
		{61E7DAC1-E557-4B4F-A851-18BFDF00418C}.Debug|Any CPU.Build.0 = Debug|Any CPU
		{61E7DAC1-E557-4B4F-A851-18BFDF00418C}.Release|Any CPU.ActiveCfg = Release|Any CPU
		{61E7DAC1-E557-4B4F-A851-18BFDF00418C}.Release|Any CPU.Build.0 = Release|Any CPU
	EndGlobalSection
	GlobalSection(SolutionProperties) = preSolution
		HideSolutionNode = FALSE
	EndGlobalSection
	GlobalSection(NestedProjects) = preSolution
		{48C47FCA-E3DE-4E7E-A4B3-84FE2FAD99D6} = {062325F0-C3C4-43E3-82E3-33E82746C58B}
		{C1C127B0-AB64-46A2-BA2C-D5E2568CE616} = {062325F0-C3C4-43E3-82E3-33E82746C58B}
		{61E7DAC1-E557-4B4F-A851-18BFDF00418C} = {062325F0-C3C4-43E3-82E3-33E82746C58B}
	EndGlobalSection
	GlobalSection(ExtensibilityGlobals) = postSolution
		SolutionGuid = {8FAD13F2-C08C-49B7-8F54-8030D695F1B0}
	EndGlobalSection
EndGlobal
