
Microsoft Visual Studio Solution File, Format Version 12.00
# Visual Studio Version 17
VisualStudioVersion = 17.11.35327.3
MinimumVisualStudioVersion = 10.0.40219.1
Project("{2150E333-8FDC-42A3-9474-1A3956D46DE8}") = "Task0", "Task0", "{062325F0-C3C4-43E3-82E3-33E82746C58B}"
EndProject
Project("{9A19103F-16F7-4668-BE54-9A1E7A4F7556}") = "Tyuiu.MorozovSM.Sprint5.Task0.V22", "Tyuiu.MorozovSM.Sprint5.Task0.V22\Tyuiu.MorozovSM.Sprint5.Task0.V22.csproj", "{48C47FCA-E3DE-4E7E-A4B3-84FE2FAD99D6}"
EndProject
Project("{9A19103F-16F7-4668-BE54-9A1E7A4F7556}") = "Tyuiu.MorozovSM.Sprint5.Task0.V22.Test", "Tyuiu.MorozovSM.Sprint5.Task0.V22.Test\Tyuiu.MorozovSM.Sprint5.Task0.V22.Test.csproj", "{C1C127B0-AB64-46A2-BA2C-D5E2568CE616}"
EndProject
Project("{9A19103F-16F7-4668-BE54-9A1E7A4F7556}") = "Tyuiu.MorozovSM.Sprint5.Task0.V22.Lib", "Tyuiu.MorozovSM.Sprint5.Task0.V22.Lib\Tyuiu.MorozovSM.Sprint5.Task0.V22.Lib.csproj", "{61E7DAC1-E557-4B4F-A851-18BFDF00418C}"
EndProject
Project("{2150E333-8FDC-42A3-9474-1A3956D46DE8}") = "Task1", "Task1", "{7DD0FB13-315E-4448-A461-1C6DFC32D411}"
EndProject
Project("{9A19103F-16F7-4668-BE54-9A1E7A4F7556}") = "Tyuiu.MorozovSM.Sprint5.Task1.V14", "Tyuiu.MorozovSM.Sprint5.Task1.V14\Tyuiu.MorozovSM.Sprint5.Task1.V14.csproj", "{D3003D4A-5907-4B75-A6E4-5E11ED6539A0}"
EndProject
Project("{9A19103F-16F7-4668-BE54-9A1E7A4F7556}") = "Tyuiu.MorozovSM.Sprint5.Task1.V14.Lib", "Tyuiu.MorozovSM.Sprint5.Task1.V14.Lib\Tyuiu.MorozovSM.Sprint5.Task1.V14.Lib.csproj", "{EA3D6F18-8D6E-4863-8895-E3781D25DF0A}"
EndProject
Project("{9A19103F-16F7-4668-BE54-9A1E7A4F7556}") = "Tyuiu.MorozovSM.Sprint5.Task1.V14.Test", "Tyuiu.MorozovSM.Sprint5.Task1.V14.Test\Tyuiu.MorozovSM.Sprint5.Task1.V14.Test.csproj", "{EA0E343D-C1A9-4A46-BEE7-0DAC4A3247D8}"
EndProject
Project("{2150E333-8FDC-42A3-9474-1A3956D46DE8}") = "Task2", "Task2", "{29229CE1-0F09-477F-B7B0-40BF0FDE93B9}"
EndProject
Project("{9A19103F-16F7-4668-BE54-9A1E7A4F7556}") = "Tyuiu.MorozovSM.Sprint5.Task2.V22", "Tyuiu.MorozovSM.Sprint5.Task2.V22\Tyuiu.MorozovSM.Sprint5.Task2.V22.csproj", "{561B1E88-C43A-4D39-8A8A-CBB361DC3283}"
EndProject
Project("{9A19103F-16F7-4668-BE54-9A1E7A4F7556}") = "Tyuiu.MorozovSM.Sprint5.Task2.V22.Test", "Tyuiu.MorozovSM.Sprint5.Task2.V22.Test\Tyuiu.MorozovSM.Sprint5.Task2.V22.Test.csproj", "{4DF5254A-6680-4901-B9D6-1CE52B18B78B}"
EndProject
Project("{9A19103F-16F7-4668-BE54-9A1E7A4F7556}") = "Tyuiu.MorozovSM.Sprint5.Task2.V22.Lib", "Tyuiu.MorozovSM.Sprint5.Task2.V22.Lib\Tyuiu.MorozovSM.Sprint5.Task2.V22.Lib.csproj", "{2C0AF876-C709-4CA1-848A-0F93146AEAEC}"
EndProject
Project("{2150E333-8FDC-42A3-9474-1A3956D46DE8}") = "Task3", "Task3", "{9B90CB4D-4465-4729-90F3-E25130E98962}"
EndProject
Project("{9A19103F-16F7-4668-BE54-9A1E7A4F7556}") = "Tyuiu.MorozovSM.Sprint5.Task3.V30", "Tyuiu.MorozovSM.Sprint5.Task3.V30\Tyuiu.MorozovSM.Sprint5.Task3.V30.csproj", "{0F35AD8C-743C-467C-8036-BF4544190F71}"
EndProject
Project("{9A19103F-16F7-4668-BE54-9A1E7A4F7556}") = "Tyuiu.MorozovSM.Sprint5.Task3.V30.Lib", "Tyuiu.MorozovSM.Sprint5.Task3.V30.Lib\Tyuiu.MorozovSM.Sprint5.Task3.V30.Lib.csproj", "{79CA3D95-4E7F-4081-B738-FD088B31DF28}"
EndProject
Project("{9A19103F-16F7-4668-BE54-9A1E7A4F7556}") = "Tyuiu.MorozovSM.Sprint5.Task3.V30.Test", "Tyuiu.MorozovSM.Sprint5.Task3.V30.Test\Tyuiu.MorozovSM.Sprint5.Task3.V30.Test.csproj", "{82620572-037A-4800-9A1F-C032E14DAFB0}"
EndProject
Project("{2150E333-8FDC-42A3-9474-1A3956D46DE8}") = "Task4", "Task4", "{445F1775-9740-45F9-8B96-BF2EAEE92268}"
EndProject
Project("{FAE04EC0-301F-11D3-BF4B-00C04F79EFBC}") = "Tyuiu.MorozovSM.Sprint5.Task4.V8", "Tyuiu.MorozovSM.Sprint5.Task4.V8\Tyuiu.MorozovSM.Sprint5.Task4.V8.csproj", "{A612FC89-1353-4024-B7A3-DEC156A84949}"
EndProject
Project("{FAE04EC0-301F-11D3-BF4B-00C04F79EFBC}") = "Tyuiu.MorozovSM.Sprint5.Task4.V8.Test", "Tyuiu.MorozovSM.Sprint5.Task4.V8.Test\Tyuiu.MorozovSM.Sprint5.Task4.V8.Test.csproj", "{E4A7F534-A9B2-4CA2-9E91-6F887F244A38}"
EndProject
Project("{FAE04EC0-301F-11D3-BF4B-00C04F79EFBC}") = "Tyuiu.MorozovSM.Sprint5.Task4.V8.Lib", "Tyuiu.MorozovSM.Sprint5.Task4.V8.Lib\Tyuiu.MorozovSM.Sprint5.Task4.V8.Lib.csproj", "{D7FFE086-8DFE-4EBC-87F3-C863513186CF}"
EndProject
Global
	GlobalSection(SolutionConfigurationPlatforms) = preSolution
		Debug|Any CPU = Debug|Any CPU
		Release|Any CPU = Release|Any CPU
	EndGlobalSection
	GlobalSection(ProjectConfigurationPlatforms) = postSolution
		{48C47FCA-E3DE-4E7E-A4B3-84FE2FAD99D6}.Debug|Any CPU.ActiveCfg = Debug|Any CPU
		{48C47FCA-E3DE-4E7E-A4B3-84FE2FAD99D6}.Debug|Any CPU.Build.0 = Debug|Any CPU
		{48C47FCA-E3DE-4E7E-A4B3-84FE2FAD99D6}.Release|Any CPU.ActiveCfg = Release|Any CPU
		{48C47FCA-E3DE-4E7E-A4B3-84FE2FAD99D6}.Release|Any CPU.Build.0 = Release|Any CPU
		{C1C127B0-AB64-46A2-BA2C-D5E2568CE616}.Debug|Any CPU.ActiveCfg = Debug|Any CPU
		{C1C127B0-AB64-46A2-BA2C-D5E2568CE616}.Debug|Any CPU.Build.0 = Debug|Any CPU
		{C1C127B0-AB64-46A2-BA2C-D5E2568CE616}.Release|Any CPU.ActiveCfg = Release|Any CPU
		{C1C127B0-AB64-46A2-BA2C-D5E2568CE616}.Release|Any CPU.Build.0 = Release|Any CPU
		{61E7DAC1-E557-4B4F-A851-18BFDF00418C}.Debug|Any CPU.ActiveCfg = Debug|Any CPU
		{61E7DAC1-E557-4B4F-A851-18BFDF00418C}.Debug|Any CPU.Build.0 = Debug|Any CPU
		{61E7DAC1-E557-4B4F-A851-18BFDF00418C}.Release|Any CPU.ActiveCfg = Release|Any CPU
		{61E7DAC1-E557-4B4F-A851-18BFDF00418C}.Release|Any CPU.Build.0 = Release|Any CPU
		{D3003D4A-5907-4B75-A6E4-5E11ED6539A0}.Debug|Any CPU.ActiveCfg = Debug|Any CPU
		{D3003D4A-5907-4B75-A6E4-5E11ED6539A0}.Debug|Any CPU.Build.0 = Debug|Any CPU
		{D3003D4A-5907-4B75-A6E4-5E11ED6539A0}.Release|Any CPU.ActiveCfg = Release|Any CPU
		{D3003D4A-5907-4B75-A6E4-5E11ED6539A0}.Release|Any CPU.Build.0 = Release|Any CPU
		{EA3D6F18-8D6E-4863-8895-E3781D25DF0A}.Debug|Any CPU.ActiveCfg = Debug|Any CPU
		{EA3D6F18-8D6E-4863-8895-E3781D25DF0A}.Debug|Any CPU.Build.0 = Debug|Any CPU
		{EA3D6F18-8D6E-4863-8895-E3781D25DF0A}.Release|Any CPU.ActiveCfg = Release|Any CPU
		{EA3D6F18-8D6E-4863-8895-E3781D25DF0A}.Release|Any CPU.Build.0 = Release|Any CPU
		{EA0E343D-C1A9-4A46-BEE7-0DAC4A3247D8}.Debug|Any CPU.ActiveCfg = Debug|Any CPU
		{EA0E343D-C1A9-4A46-BEE7-0DAC4A3247D8}.Debug|Any CPU.Build.0 = Debug|Any CPU
		{EA0E343D-C1A9-4A46-BEE7-0DAC4A3247D8}.Release|Any CPU.ActiveCfg = Release|Any CPU
		{EA0E343D-C1A9-4A46-BEE7-0DAC4A3247D8}.Release|Any CPU.Build.0 = Release|Any CPU
		{561B1E88-C43A-4D39-8A8A-CBB361DC3283}.Debug|Any CPU.ActiveCfg = Debug|Any CPU
		{561B1E88-C43A-4D39-8A8A-CBB361DC3283}.Debug|Any CPU.Build.0 = Debug|Any CPU
		{561B1E88-C43A-4D39-8A8A-CBB361DC3283}.Release|Any CPU.ActiveCfg = Release|Any CPU
		{561B1E88-C43A-4D39-8A8A-CBB361DC3283}.Release|Any CPU.Build.0 = Release|Any CPU
		{4DF5254A-6680-4901-B9D6-1CE52B18B78B}.Debug|Any CPU.ActiveCfg = Debug|Any CPU
		{4DF5254A-6680-4901-B9D6-1CE52B18B78B}.Debug|Any CPU.Build.0 = Debug|Any CPU
		{4DF5254A-6680-4901-B9D6-1CE52B18B78B}.Release|Any CPU.ActiveCfg = Release|Any CPU
		{4DF5254A-6680-4901-B9D6-1CE52B18B78B}.Release|Any CPU.Build.0 = Release|Any CPU
		{2C0AF876-C709-4CA1-848A-0F93146AEAEC}.Debug|Any CPU.ActiveCfg = Debug|Any CPU
		{2C0AF876-C709-4CA1-848A-0F93146AEAEC}.Debug|Any CPU.Build.0 = Debug|Any CPU
		{2C0AF876-C709-4CA1-848A-0F93146AEAEC}.Release|Any CPU.ActiveCfg = Release|Any CPU
		{2C0AF876-C709-4CA1-848A-0F93146AEAEC}.Release|Any CPU.Build.0 = Release|Any CPU
		{0F35AD8C-743C-467C-8036-BF4544190F71}.Debug|Any CPU.ActiveCfg = Debug|Any CPU
		{0F35AD8C-743C-467C-8036-BF4544190F71}.Debug|Any CPU.Build.0 = Debug|Any CPU
		{0F35AD8C-743C-467C-8036-BF4544190F71}.Release|Any CPU.ActiveCfg = Release|Any CPU
		{0F35AD8C-743C-467C-8036-BF4544190F71}.Release|Any CPU.Build.0 = Release|Any CPU
		{79CA3D95-4E7F-4081-B738-FD088B31DF28}.Debug|Any CPU.ActiveCfg = Debug|Any CPU
		{79CA3D95-4E7F-4081-B738-FD088B31DF28}.Debug|Any CPU.Build.0 = Debug|Any CPU
		{79CA3D95-4E7F-4081-B738-FD088B31DF28}.Release|Any CPU.ActiveCfg = Release|Any CPU
		{79CA3D95-4E7F-4081-B738-FD088B31DF28}.Release|Any CPU.Build.0 = Release|Any CPU
		{82620572-037A-4800-9A1F-C032E14DAFB0}.Debug|Any CPU.ActiveCfg = Debug|Any CPU
		{82620572-037A-4800-9A1F-C032E14DAFB0}.Debug|Any CPU.Build.0 = Debug|Any CPU
		{82620572-037A-4800-9A1F-C032E14DAFB0}.Release|Any CPU.ActiveCfg = Release|Any CPU
		{82620572-037A-4800-9A1F-C032E14DAFB0}.Release|Any CPU.Build.0 = Release|Any CPU
		{A612FC89-1353-4024-B7A3-DEC156A84949}.Debug|Any CPU.ActiveCfg = Debug|Any CPU
		{A612FC89-1353-4024-B7A3-DEC156A84949}.Debug|Any CPU.Build.0 = Debug|Any CPU
		{A612FC89-1353-4024-B7A3-DEC156A84949}.Release|Any CPU.ActiveCfg = Release|Any CPU
		{A612FC89-1353-4024-B7A3-DEC156A84949}.Release|Any CPU.Build.0 = Release|Any CPU
		{E4A7F534-A9B2-4CA2-9E91-6F887F244A38}.Debug|Any CPU.ActiveCfg = Debug|Any CPU
		{E4A7F534-A9B2-4CA2-9E91-6F887F244A38}.Debug|Any CPU.Build.0 = Debug|Any CPU
		{E4A7F534-A9B2-4CA2-9E91-6F887F244A38}.Release|Any CPU.ActiveCfg = Release|Any CPU
		{E4A7F534-A9B2-4CA2-9E91-6F887F244A38}.Release|Any CPU.Build.0 = Release|Any CPU
		{D7FFE086-8DFE-4EBC-87F3-C863513186CF}.Debug|Any CPU.ActiveCfg = Debug|Any CPU
		{D7FFE086-8DFE-4EBC-87F3-C863513186CF}.Debug|Any CPU.Build.0 = Debug|Any CPU
		{D7FFE086-8DFE-4EBC-87F3-C863513186CF}.Release|Any CPU.ActiveCfg = Release|Any CPU
		{D7FFE086-8DFE-4EBC-87F3-C863513186CF}.Release|Any CPU.Build.0 = Release|Any CPU
	EndGlobalSection
	GlobalSection(SolutionProperties) = preSolution
		HideSolutionNode = FALSE
	EndGlobalSection
	GlobalSection(NestedProjects) = preSolution
		{48C47FCA-E3DE-4E7E-A4B3-84FE2FAD99D6} = {062325F0-C3C4-43E3-82E3-33E82746C58B}
		{C1C127B0-AB64-46A2-BA2C-D5E2568CE616} = {062325F0-C3C4-43E3-82E3-33E82746C58B}
		{61E7DAC1-E557-4B4F-A851-18BFDF00418C} = {062325F0-C3C4-43E3-82E3-33E82746C58B}
		{D3003D4A-5907-4B75-A6E4-5E11ED6539A0} = {7DD0FB13-315E-4448-A461-1C6DFC32D411}
		{EA3D6F18-8D6E-4863-8895-E3781D25DF0A} = {7DD0FB13-315E-4448-A461-1C6DFC32D411}
		{EA0E343D-C1A9-4A46-BEE7-0DAC4A3247D8} = {7DD0FB13-315E-4448-A461-1C6DFC32D411}
		{561B1E88-C43A-4D39-8A8A-CBB361DC3283} = {29229CE1-0F09-477F-B7B0-40BF0FDE93B9}
		{4DF5254A-6680-4901-B9D6-1CE52B18B78B} = {29229CE1-0F09-477F-B7B0-40BF0FDE93B9}
		{2C0AF876-C709-4CA1-848A-0F93146AEAEC} = {29229CE1-0F09-477F-B7B0-40BF0FDE93B9}
		{0F35AD8C-743C-467C-8036-BF4544190F71} = {9B90CB4D-4465-4729-90F3-E25130E98962}
		{79CA3D95-4E7F-4081-B738-FD088B31DF28} = {9B90CB4D-4465-4729-90F3-E25130E98962}
		{82620572-037A-4800-9A1F-C032E14DAFB0} = {9B90CB4D-4465-4729-90F3-E25130E98962}
		{A612FC89-1353-4024-B7A3-DEC156A84949} = {445F1775-9740-45F9-8B96-BF2EAEE92268}
		{E4A7F534-A9B2-4CA2-9E91-6F887F244A38} = {445F1775-9740-45F9-8B96-BF2EAEE92268}
		{D7FFE086-8DFE-4EBC-87F3-C863513186CF} = {445F1775-9740-45F9-8B96-BF2EAEE92268}
	EndGlobalSection
	GlobalSection(ExtensibilityGlobals) = postSolution
		SolutionGuid = {8FAD13F2-C08C-49B7-8F54-8030D695F1B0}
	EndGlobalSection
EndGlobal
